{
  "nodes": {
    "helium-flake": {
      "inputs": {
        "nixpkgs": [
          "nixpkgs"
        ]
      },
      "locked": {
        "lastModified": 1781783441,
        "narHash": "sha256-v7rAVyX0DGAYqei3FxWPDJLqrzJrEsue2DVBEDApxQo=",
        "owner": "oxcl",
        "repo": "nix-flake-helium-browser",
        "rev": "aabc12cf6518480d83b2b5d06d2eecf86a25273f",
        "type": "github"
      },
      "original": {
        "owner": "oxcl",
        "repo": "nix-flake-helium-browser",
        "type": "github"
      }
    },
    "home-manager": {
      "inputs": {
        "nixpkgs": [
          "nixpkgs"
        ]
      },
      "locked": {
        "lastModified": 1782166451,
        "narHash": "sha256-SA7LyrayyZBvtzZnesnSLV7haciFuVLeZaX2hd5v4j4=",
        "owner": "nix-community",
        "repo": "home-manager",
        "rev": "471a1d2f840eb7fcbdfd541d99c13a64096f46db",
        "type": "github"
      },
      "original": {
        "owner": "nix-community",
        "repo": "home-manager",
        "type": "github"
      }
    },
    "nixpkgs": {
      "locked": {
        "lastModified": 1781577229,
        "narHash": "sha256-lrp67w8AulE9Ks53n27I45ADSzbOCn4H+CNW1Ck8B+8=",
        "owner": "NixOS",
        "repo": "nixpkgs",
        "rev": "567a49d1913ce81ac6e9582e3553dd90a955875f",
        "type": "github"
      },
      "original": {
        "owner": "NixOS",
        "ref": "nixos-unstable",
        "repo": "nixpkgs",
        "type": "github"
      }
    },
    "root": {
      "inputs": {
        "helium-flake": "helium-flake",
        "home-manager": "home-manager",
        "nixpkgs": "nixpkgs"
      }
    }
  },
  "root": "root",
  "version": 7
}
